
Microsoft Visual Studio Solution File, Format Version 12.00
# Visual Studio Version 17
VisualStudioVersion = 17.7.34031.279
MinimumVisualStudioVersion = 10.0.40219.1
Project("{FAE04EC0-301F-11D3-BF4B-00C04F79EFBC}") = "Sample1", "Sample1.csproj", "{10B85915-6C69-42AE-A956-F8BA4C26587B}"
EndProject
Global
	GlobalSection(SolutionConfigurationPlatforms) = preSolution
		Debug|Any CPU = Debug|Any CPU
		Release|Any CPU = Release|Any CPU
	EndGlobalSection
	GlobalSection(ProjectConfigurationPlatforms) = postSolution
		{10B85915-6C69-42AE-A956-F8BA4C26587B}.Debug|Any CPU.ActiveCfg = Debug|Any CPU
		{10B85915-6C69-42AE-A956-F8BA4C26587B}.Debug|Any CPU.Build.0 = Debug|Any CPU
		{10B85915-6C69-42AE-A956-F8BA4C26587B}.Release|Any CPU.ActiveCfg = Release|Any CPU
		{10B85915-6C69-42AE-A956-F8BA4C26587B}.Release|Any CPU.Build.0 = Release|Any CPU
	EndGlobalSection
	GlobalSection(SolutionProperties) = preSolution
		HideSolutionNode = FALSE
	EndGlobalSection
	GlobalSection(ExtensibilityGlobals) = postSolution
		SolutionGuid = {56634F39-807F-4243-9FBE-2AA253AB3A96}
	EndGlobalSection
EndGlobal
